
Microsoft Visual Studio Solution File, Format Version 12.00
# Visual Studio Version 16
VisualStudioVersion = 16.0.28803.202
MinimumVisualStudioVersion = 10.0.40219.1
Project("{FAE04EC0-301F-11D3-BF4B-00C04F79EFBC}") = "WPF_exo4", "WPF_exo4\WPF_exo4.csproj", "{C71C132B-07F1-4738-B501-071BF0A728C0}"
EndProject
Global
	GlobalSection(SolutionConfigurationPlatforms) = preSolution
		Debug|Any CPU = Debug|Any CPU
		Release|Any CPU = Release|Any CPU
	EndGlobalSection
	GlobalSection(ProjectConfigurationPlatforms) = postSolution
		{C71C132B-07F1-4738-B501-071BF0A728C0}.Debug|Any CPU.ActiveCfg = Debug|Any CPU
		{C71C132B-07F1-4738-B501-071BF0A728C0}.Debug|Any CPU.Build.0 = Debug|Any CPU
		{C71C132B-07F1-4738-B501-071BF0A728C0}.Release|Any CPU.ActiveCfg = Release|Any CPU
		{C71C132B-07F1-4738-B501-071BF0A728C0}.Release|Any CPU.Build.0 = Release|Any CPU
	EndGlobalSection
	GlobalSection(SolutionProperties) = preSolution
		HideSolutionNode = FALSE
	EndGlobalSection
	GlobalSection(ExtensibilityGlobals) = postSolution
		SolutionGuid = {26724783-66DC-4473-8059-AFCAB1716413}
	EndGlobalSection
EndGlobal
